
Microsoft Visual Studio Solution File, Format Version 12.00
# Visual Studio Version 16
VisualStudioVersion = 25.0.1706.0
MinimumVisualStudioVersion = 10.0.40219.1
Project("{FAE04EC0-301F-11D3-BF4B-00C04F79EFBC}") = "SugarWorldNewsApiClient", "SugarWorldNewsApiClient.csproj", "{6B0E5067-7DAC-4741-8E09-D7EC4DAF518C}"
EndProject
Global
	GlobalSection(SolutionConfigurationPlatforms) = preSolution
		Debug|Any CPU = Debug|Any CPU
		Release|Any CPU = Release|Any CPU
	EndGlobalSection
	GlobalSection(ProjectConfigurationPlatforms) = postSolution
		{6B0E5067-7DAC-4741-8E09-D7EC4DAF518C}.Debug|Any CPU.ActiveCfg = Debug|Any CPU
		{6B0E5067-7DAC-4741-8E09-D7EC4DAF518C}.Debug|Any CPU.Build.0 = Debug|Any CPU
		{6B0E5067-7DAC-4741-8E09-D7EC4DAF518C}.Release|Any CPU.ActiveCfg = Release|Any CPU
		{6B0E5067-7DAC-4741-8E09-D7EC4DAF518C}.Release|Any CPU.Build.0 = Release|Any CPU
	EndGlobalSection
	GlobalSection(SolutionProperties) = preSolution
		HideSolutionNode = FALSE
	EndGlobalSection
	GlobalSection(ExtensibilityGlobals) = postSolution
		SolutionGuid = {7FF9B00B-2CFB-4221-B2CA-FCD14D93B6BC}
	EndGlobalSection
EndGlobal
