
Microsoft Visual Studio Solution File, Format Version 12.00
# Visual Studio Version 16
VisualStudioVersion = 25.0.1706.0
MinimumVisualStudioVersion = 10.0.40219.1
Project("{FAE04EC0-301F-11D3-BF4B-00C04F79EFBC}") = "SugarWorldNewsApiClient", "SugarWorldNewsApiClient.csproj", "{3668FF4E-3E30-4E82-8B43-28F3BF7597AE}"
EndProject
Global
	GlobalSection(SolutionConfigurationPlatforms) = preSolution
		Debug|Any CPU = Debug|Any CPU
		Release|Any CPU = Release|Any CPU
	EndGlobalSection
	GlobalSection(ProjectConfigurationPlatforms) = postSolution
		{3668FF4E-3E30-4E82-8B43-28F3BF7597AE}.Debug|Any CPU.ActiveCfg = Debug|Any CPU
		{3668FF4E-3E30-4E82-8B43-28F3BF7597AE}.Debug|Any CPU.Build.0 = Debug|Any CPU
		{3668FF4E-3E30-4E82-8B43-28F3BF7597AE}.Release|Any CPU.ActiveCfg = Release|Any CPU
		{3668FF4E-3E30-4E82-8B43-28F3BF7597AE}.Release|Any CPU.Build.0 = Release|Any CPU
	EndGlobalSection
	GlobalSection(SolutionProperties) = preSolution
		HideSolutionNode = FALSE
	EndGlobalSection
	GlobalSection(ExtensibilityGlobals) = postSolution
		SolutionGuid = {133A21CB-B366-4E70-8A41-070C11E67F0D}
	EndGlobalSection
EndGlobal
